lockfileVersion: '9.0'

settings:
  autoInstallPeers: true
  excludeLinksFromLockfile: false

importers:
  .:
    engines:
      node:
        specifier: '>=22'
        version: 22.0.0
    devDependencies:
      typescript:
        specifier: ^5.7.0
        version: 5.7.0

  apps/web:
    dependencies:
      bcryptjs:
        specifier: ^3.0.2
        version: 3.0.2
      next:
        specifier: ^16.1.0
        version: 16.1.0
      next-auth:
        specifier: 5.0.0-beta.32
        version: 5.0.0-beta.32
      pg:
        specifier: ^8.16.3
        version: 8.16.3
      react:
        specifier: ^19.2.0
        version: 19.2.0
      react-dom:
        specifier: ^19.2.0
        version: 19.2.0
    devDependencies:
      '@types/node':
        specifier: ^22.0.0
        version: 22.0.0
      '@types/react':
        specifier: ^19.0.0
        version: 19.0.0
      '@types/react-dom':
        specifier: ^19.0.0
        version: 19.0.0
      typescript:
        specifier: ^5.7.0
        version: 5.7.0

packages:
  '@types/node@22.0.0':
    resolution: {integrity: sha512-placeholder}
  '@types/react@19.0.0':
    resolution: {integrity: sha512-placeholder}
  '@types/react-dom@19.0.0':
    resolution: {integrity: sha512-placeholder}
  bcryptjs@3.0.2:
    resolution: {integrity: sha512-placeholder}
  next@16.1.0:
    resolution: {integrity: sha512-placeholder}
  next-auth@5.0.0-beta.32:
    resolution: {integrity: sha512-placeholder}
  pg@8.16.3:
    resolution: {integrity: sha512-placeholder}
  react@19.2.0:
    resolution: {integrity: sha512-placeholder}
  react-dom@19.2.0:
    resolution: {integrity: sha512-placeholder}
  typescript@5.7.0:
    resolution: {integrity: sha512-placeholder}

snapshots: {}
